
Microsoft Visual Studio Solution File, Format Version 12.00
# Visual Studio Version 17
VisualStudioVersion = 17.14.36623.8
MinimumVisualStudioVersion = 10.0.40219.1
Project("{FAE04EC0-301F-11D3-BF4B-00C04F79EFBC}") = "Fletch.Tests", "Fletch.Tests\Fletch.Tests.csproj", "{6B8080E8-8C98-43A9-8F09-F665E88FF144}"
EndProject
Project("{FAE04EC0-301F-11D3-BF4B-00C04F79EFBC}") = "Fletch.Core", "Fletch.Core\Fletch.Core.csproj", "{5B9B2E36-5E08-4166-82CA-CD46DC84E740}"
EndProject
Project("{FAE04EC0-301F-11D3-BF4B-00C04F79EFBC}") = "Fletch.Input", "Fletch.Input\Fletch.Input.csproj", "{E474DC23-F76C-44D1-8087-B4876A7CE21E}"
EndProject
Project("{FAE04EC0-301F-11D3-BF4B-00C04F79EFBC}") = "Fletch.Input.MonoGame", "Fletch.Input.MonoGame\Fletch.Input.MonoGame.csproj", "{C9811814-DB32-4BAA-9BA9-5936A30B2991}"
EndProject
Global
	GlobalSection(SolutionConfigurationPlatforms) = preSolution
		Debug|Any CPU = Debug|Any CPU
		Release|Any CPU = Release|Any CPU
	EndGlobalSection
	GlobalSection(ProjectConfigurationPlatforms) = postSolution
		{6B8080E8-8C98-43A9-8F09-F665E88FF144}.Debug|Any CPU.ActiveCfg = Debug|Any CPU
		{6B8080E8-8C98-43A9-8F09-F665E88FF144}.Debug|Any CPU.Build.0 = Debug|Any CPU
		{6B8080E8-8C98-43A9-8F09-F665E88FF144}.Release|Any CPU.ActiveCfg = Release|Any CPU
		{6B8080E8-8C98-43A9-8F09-F665E88FF144}.Release|Any CPU.Build.0 = Release|Any CPU
		{5B9B2E36-5E08-4166-82CA-CD46DC84E740}.Debug|Any CPU.ActiveCfg = Debug|Any CPU
		{5B9B2E36-5E08-4166-82CA-CD46DC84E740}.Debug|Any CPU.Build.0 = Debug|Any CPU
		{5B9B2E36-5E08-4166-82CA-CD46DC84E740}.Release|Any CPU.ActiveCfg = Release|Any CPU
		{5B9B2E36-5E08-4166-82CA-CD46DC84E740}.Release|Any CPU.Build.0 = Release|Any CPU
		{E474DC23-F76C-44D1-8087-B4876A7CE21E}.Debug|Any CPU.ActiveCfg = Debug|Any CPU
		{E474DC23-F76C-44D1-8087-B4876A7CE21E}.Debug|Any CPU.Build.0 = Debug|Any CPU
		{E474DC23-F76C-44D1-8087-B4876A7CE21E}.Release|Any CPU.ActiveCfg = Release|Any CPU
		{E474DC23-F76C-44D1-8087-B4876A7CE21E}.Release|Any CPU.Build.0 = Release|Any CPU
		{C9811814-DB32-4BAA-9BA9-5936A30B2991}.Debug|Any CPU.ActiveCfg = Debug|Any CPU
		{C9811814-DB32-4BAA-9BA9-5936A30B2991}.Debug|Any CPU.Build.0 = Debug|Any CPU
		{C9811814-DB32-4BAA-9BA9-5936A30B2991}.Release|Any CPU.ActiveCfg = Release|Any CPU
		{C9811814-DB32-4BAA-9BA9-5936A30B2991}.Release|Any CPU.Build.0 = Release|Any CPU
	EndGlobalSection
	GlobalSection(SolutionProperties) = preSolution
		HideSolutionNode = FALSE
	EndGlobalSection
	GlobalSection(ExtensibilityGlobals) = postSolution
		SolutionGuid = {3AB41580-6B90-401E-9070-EA0B92D2699A}
	EndGlobalSection
EndGlobal
