
Microsoft Visual Studio Solution File, Format Version 12.00
# Visual Studio Version 17
VisualStudioVersion = 17.14.37216.2 d17.14
MinimumVisualStudioVersion = 10.0.40219.1
Project("{FAE04EC0-301F-11D3-BF4B-00C04F79EFBC}") = "Fletch.Tests", "Fletch.Tests\Fletch.Tests.csproj", "{6B8080E8-8C98-43A9-8F09-F665E88FF144}"
EndProject
Project("{FAE04EC0-301F-11D3-BF4B-00C04F79EFBC}") = "Fletch.Core", "Fletch.Core\Fletch.Core.csproj", "{5B9B2E36-5E08-4166-82CA-CD46DC84E740}"
EndProject
Project("{FAE04EC0-301F-11D3-BF4B-00C04F79EFBC}") = "Fletch.Input", "Fletch.Input\Fletch.Input.csproj", "{E474DC23-F76C-44D1-8087-B4876A7CE21E}"
EndProject
Project("{FAE04EC0-301F-11D3-BF4B-00C04F79EFBC}") = "Fletch.Input.MonoGame", "Fletch.Input.MonoGame\Fletch.Input.MonoGame.csproj", "{C9811814-DB32-4BAA-9BA9-5936A30B2991}"
EndProject
Project("{FAE04EC0-301F-11D3-BF4B-00C04F79EFBC}") = "Fletch.Rendering", "Fletch.Rendering\Fletch.Rendering.csproj", "{9518BF95-E066-423E-B900-9923C19BB6F0}"
EndProject
Project("{FAE04EC0-301F-11D3-BF4B-00C04F79EFBC}") = "Fletch.Rendering.MonoGame", "Fletch.Rendering.MonoGame\Fletch.Rendering.MonoGame.csproj", "{E9C36106-502C-428C-ADA4-BF02A63D2110}"
EndProject
Project("{FAE04EC0-301F-11D3-BF4B-00C04F79EFBC}") = "Fletch.Runtime", "Fletch.Runtime\Fletch.Runtime.csproj", "{BDB70B30-CB6D-4D6C-81B7-DE1C64F26087}"
EndProject
Project("{FAE04EC0-301F-11D3-BF4B-00C04F79EFBC}") = "Fletch.Platform", "Fletch.Platform\Fletch.Platform.csproj", "{250BE990-FF06-4681-9E65-B01C8FA8FA13}"
EndProject
Project("{FAE04EC0-301F-11D3-BF4B-00C04F79EFBC}") = "Fletch.Platform.MonoGame", "Fletch.Platform.MonoGame\Fletch.Platform.MonoGame.csproj", "{7B15A5B3-07A2-42CF-83E8-49A95CE33F43}"
EndProject
Project("{FAE04EC0-301F-11D3-BF4B-00C04F79EFBC}") = "Fletch.Sandbox.MonoGame", "Fletch.Sandbox.MonoGame\Fletch.Sandbox.MonoGame.csproj", "{DE2ECC2C-518A-4A0F-A2E2-18CC147DF7C4}"
EndProject
Project("{FAE04EC0-301F-11D3-BF4B-00C04F79EFBC}") = "Fletch.Engine", "Fletch.Engine\Fletch.Engine.csproj", "{5E66BEB4-0014-4BBC-B559-F06BA72A0CAC}"
EndProject
Project("{2150E333-8FDC-42A3-9474-1A3956D46DE8}") = "Solution Items", "Solution Items", "{02EA681E-C7D8-13C7-8484-4AC65E1B71E8}"
	ProjectSection(SolutionItems) = preProject
		.editorconfig = .editorconfig
	EndProjectSection
EndProject
Project("{FAE04EC0-301F-11D3-BF4B-00C04F79EFBC}") = "Fletch.Physics", "Fletch.Physics\Fletch.Physics.csproj", "{9C9FB747-5454-4786-827C-DA2DD48CC1E6}"
EndProject
Project("{FAE04EC0-301F-11D3-BF4B-00C04F79EFBC}") = "Fletch.Audio", "Fletch.Audio\Fletch.Audio.csproj", "{C4B54023-1913-46F2-8E23-9A3ACD4D6046}"
EndProject
Project("{FAE04EC0-301F-11D3-BF4B-00C04F79EFBC}") = "Fletch.Audio.Silk.NET.OpenAL", "Fletch.Audio.Silk.NET.OpenAL\Fletch.Audio.Silk.NET.OpenAL.csproj", "{F6AEFD01-87E8-4D29-B07C-70490D993F6E}"
EndProject
Project("{FAE04EC0-301F-11D3-BF4B-00C04F79EFBC}") = "Fletch.Assets", "Fletch.Assets\Fletch.Assets.csproj", "{28FAF6DE-2150-4BF8-B889-0FD4BE1EFC68}"
EndProject
Project("{FAE04EC0-301F-11D3-BF4B-00C04F79EFBC}") = "Fletch.Physics.Box2D", "Fletch.Physics.Box2D\Fletch.Physics.Box2D.csproj", "{FA37B899-1B75-48DE-B552-EB1248A963C7}"
EndProject
Global
	GlobalSection(SolutionConfigurationPlatforms) = preSolution
		Debug|Any CPU = Debug|Any CPU
		Debug|ARM32 = Debug|ARM32
		Debug|x64 = Debug|x64
		Release|Any CPU = Release|Any CPU
		Release|ARM32 = Release|ARM32
		Release|x64 = Release|x64
	EndGlobalSection
	GlobalSection(ProjectConfigurationPlatforms) = postSolution
		{6B8080E8-8C98-43A9-8F09-F665E88FF144}.Debug|Any CPU.ActiveCfg = Debug|Any CPU
		{6B8080E8-8C98-43A9-8F09-F665E88FF144}.Debug|Any CPU.Build.0 = Debug|Any CPU
		{6B8080E8-8C98-43A9-8F09-F665E88FF144}.Debug|ARM32.ActiveCfg = Debug|Any CPU
		{6B8080E8-8C98-43A9-8F09-F665E88FF144}.Debug|ARM32.Build.0 = Debug|Any CPU
		{6B8080E8-8C98-43A9-8F09-F665E88FF144}.Debug|x64.ActiveCfg = Debug|x64
		{6B8080E8-8C98-43A9-8F09-F665E88FF144}.Debug|x64.Build.0 = Debug|x64
		{6B8080E8-8C98-43A9-8F09-F665E88FF144}.Release|Any CPU.ActiveCfg = Release|Any CPU
		{6B8080E8-8C98-43A9-8F09-F665E88FF144}.Release|Any CPU.Build.0 = Release|Any CPU
		{6B8080E8-8C98-43A9-8F09-F665E88FF144}.Release|ARM32.ActiveCfg = Release|Any CPU
		{6B8080E8-8C98-43A9-8F09-F665E88FF144}.Release|ARM32.Build.0 = Release|Any CPU
		{6B8080E8-8C98-43A9-8F09-F665E88FF144}.Release|x64.ActiveCfg = Release|x64
		{6B8080E8-8C98-43A9-8F09-F665E88FF144}.Release|x64.Build.0 = Release|x64
		{5B9B2E36-5E08-4166-82CA-CD46DC84E740}.Debug|Any CPU.ActiveCfg = Debug|Any CPU
		{5B9B2E36-5E08-4166-82CA-CD46DC84E740}.Debug|Any CPU.Build.0 = Debug|Any CPU
		{5B9B2E36-5E08-4166-82CA-CD46DC84E740}.Debug|ARM32.ActiveCfg = Debug|Any CPU
		{5B9B2E36-5E08-4166-82CA-CD46DC84E740}.Debug|ARM32.Build.0 = Debug|Any CPU
		{5B9B2E36-5E08-4166-82CA-CD46DC84E740}.Debug|x64.ActiveCfg = Debug|x64
		{5B9B2E36-5E08-4166-82CA-CD46DC84E740}.Debug|x64.Build.0 = Debug|x64
		{5B9B2E36-5E08-4166-82CA-CD46DC84E740}.Release|Any CPU.ActiveCfg = Release|Any CPU
		{5B9B2E36-5E08-4166-82CA-CD46DC84E740}.Release|Any CPU.Build.0 = Release|Any CPU
		{5B9B2E36-5E08-4166-82CA-CD46DC84E740}.Release|ARM32.ActiveCfg = Release|Any CPU
		{5B9B2E36-5E08-4166-82CA-CD46DC84E740}.Release|ARM32.Build.0 = Release|Any CPU
		{5B9B2E36-5E08-4166-82CA-CD46DC84E740}.Release|x64.ActiveCfg = Release|x64
		{5B9B2E36-5E08-4166-82CA-CD46DC84E740}.Release|x64.Build.0 = Release|x64
		{E474DC23-F76C-44D1-8087-B4876A7CE21E}.Debug|Any CPU.ActiveCfg = Debug|Any CPU
		{E474DC23-F76C-44D1-8087-B4876A7CE21E}.Debug|Any CPU.Build.0 = Debug|Any CPU
		{E474DC23-F76C-44D1-8087-B4876A7CE21E}.Debug|ARM32.ActiveCfg = Debug|Any CPU
		{E474DC23-F76C-44D1-8087-B4876A7CE21E}.Debug|ARM32.Build.0 = Debug|Any CPU
		{E474DC23-F76C-44D1-8087-B4876A7CE21E}.Debug|x64.ActiveCfg = Debug|x64
		{E474DC23-F76C-44D1-8087-B4876A7CE21E}.Debug|x64.Build.0 = Debug|x64
		{E474DC23-F76C-44D1-8087-B4876A7CE21E}.Release|Any CPU.ActiveCfg = Release|Any CPU
		{E474DC23-F76C-44D1-8087-B4876A7CE21E}.Release|Any CPU.Build.0 = Release|Any CPU
		{E474DC23-F76C-44D1-8087-B4876A7CE21E}.Release|ARM32.ActiveCfg = Release|Any CPU
		{E474DC23-F76C-44D1-8087-B4876A7CE21E}.Release|ARM32.Build.0 = Release|Any CPU
		{E474DC23-F76C-44D1-8087-B4876A7CE21E}.Release|x64.ActiveCfg = Release|x64
		{E474DC23-F76C-44D1-8087-B4876A7CE21E}.Release|x64.Build.0 = Release|x64
		{C9811814-DB32-4BAA-9BA9-5936A30B2991}.Debug|Any CPU.ActiveCfg = Debug|Any CPU
		{C9811814-DB32-4BAA-9BA9-5936A30B2991}.Debug|Any CPU.Build.0 = Debug|Any CPU
		{C9811814-DB32-4BAA-9BA9-5936A30B2991}.Debug|ARM32.ActiveCfg = Debug|Any CPU
		{C9811814-DB32-4BAA-9BA9-5936A30B2991}.Debug|ARM32.Build.0 = Debug|Any CPU
		{C9811814-DB32-4BAA-9BA9-5936A30B2991}.Debug|x64.ActiveCfg = Debug|x64
		{C9811814-DB32-4BAA-9BA9-5936A30B2991}.Debug|x64.Build.0 = Debug|x64
		{C9811814-DB32-4BAA-9BA9-5936A30B2991}.Release|Any CPU.ActiveCfg = Release|Any CPU
		{C9811814-DB32-4BAA-9BA9-5936A30B2991}.Release|Any CPU.Build.0 = Release|Any CPU
		{C9811814-DB32-4BAA-9BA9-5936A30B2991}.Release|ARM32.ActiveCfg = Release|Any CPU
		{C9811814-DB32-4BAA-9BA9-5936A30B2991}.Release|ARM32.Build.0 = Release|Any CPU
		{C9811814-DB32-4BAA-9BA9-5936A30B2991}.Release|x64.ActiveCfg = Release|x64
		{C9811814-DB32-4BAA-9BA9-5936A30B2991}.Release|x64.Build.0 = Release|x64
		{9518BF95-E066-423E-B900-9923C19BB6F0}.Debug|Any CPU.ActiveCfg = Debug|Any CPU
		{9518BF95-E066-423E-B900-9923C19BB6F0}.Debug|Any CPU.Build.0 = Debug|Any CPU
		{9518BF95-E066-423E-B900-9923C19BB6F0}.Debug|ARM32.ActiveCfg = Debug|ARM32
		{9518BF95-E066-423E-B900-9923C19BB6F0}.Debug|ARM32.Build.0 = Debug|ARM32
		{9518BF95-E066-423E-B900-9923C19BB6F0}.Debug|x64.ActiveCfg = Debug|x64
		{9518BF95-E066-423E-B900-9923C19BB6F0}.Debug|x64.Build.0 = Debug|x64
		{9518BF95-E066-423E-B900-9923C19BB6F0}.Release|Any CPU.ActiveCfg = Release|Any CPU
		{9518BF95-E066-423E-B900-9923C19BB6F0}.Release|Any CPU.Build.0 = Release|Any CPU
		{9518BF95-E066-423E-B900-9923C19BB6F0}.Release|ARM32.ActiveCfg = Release|ARM32
		{9518BF95-E066-423E-B900-9923C19BB6F0}.Release|ARM32.Build.0 = Release|ARM32
		{9518BF95-E066-423E-B900-9923C19BB6F0}.Release|x64.ActiveCfg = Release|x64
		{9518BF95-E066-423E-B900-9923C19BB6F0}.Release|x64.Build.0 = Release|x64
		{E9C36106-502C-428C-ADA4-BF02A63D2110}.Debug|Any CPU.ActiveCfg = Debug|Any CPU
		{E9C36106-502C-428C-ADA4-BF02A63D2110}.Debug|Any CPU.Build.0 = Debug|Any CPU
		{E9C36106-502C-428C-ADA4-BF02A63D2110}.Debug|ARM32.ActiveCfg = Debug|Any CPU
		{E9C36106-502C-428C-ADA4-BF02A63D2110}.Debug|ARM32.Build.0 = Debug|Any CPU
		{E9C36106-502C-428C-ADA4-BF02A63D2110}.Debug|x64.ActiveCfg = Debug|x64
		{E9C36106-502C-428C-ADA4-BF02A63D2110}.Debug|x64.Build.0 = Debug|x64
		{E9C36106-502C-428C-ADA4-BF02A63D2110}.Release|Any CPU.ActiveCfg = Release|Any CPU
		{E9C36106-502C-428C-ADA4-BF02A63D2110}.Release|Any CPU.Build.0 = Release|Any CPU
		{E9C36106-502C-428C-ADA4-BF02A63D2110}.Release|ARM32.ActiveCfg = Release|Any CPU
		{E9C36106-502C-428C-ADA4-BF02A63D2110}.Release|ARM32.Build.0 = Release|Any CPU
		{E9C36106-502C-428C-ADA4-BF02A63D2110}.Release|x64.ActiveCfg = Release|x64
		{E9C36106-502C-428C-ADA4-BF02A63D2110}.Release|x64.Build.0 = Release|x64
		{BDB70B30-CB6D-4D6C-81B7-DE1C64F26087}.Debug|Any CPU.ActiveCfg = Debug|Any CPU
		{BDB70B30-CB6D-4D6C-81B7-DE1C64F26087}.Debug|Any CPU.Build.0 = Debug|Any CPU
		{BDB70B30-CB6D-4D6C-81B7-DE1C64F26087}.Debug|ARM32.ActiveCfg = Debug|Any CPU
		{BDB70B30-CB6D-4D6C-81B7-DE1C64F26087}.Debug|ARM32.Build.0 = Debug|Any CPU
		{BDB70B30-CB6D-4D6C-81B7-DE1C64F26087}.Debug|x64.ActiveCfg = Debug|x64
		{BDB70B30-CB6D-4D6C-81B7-DE1C64F26087}.Debug|x64.Build.0 = Debug|x64
		{BDB70B30-CB6D-4D6C-81B7-DE1C64F26087}.Release|Any CPU.ActiveCfg = Release|Any CPU
		{BDB70B30-CB6D-4D6C-81B7-DE1C64F26087}.Release|Any CPU.Build.0 = Release|Any CPU
		{BDB70B30-CB6D-4D6C-81B7-DE1C64F26087}.Release|ARM32.ActiveCfg = Release|Any CPU
		{BDB70B30-CB6D-4D6C-81B7-DE1C64F26087}.Release|ARM32.Build.0 = Release|Any CPU
		{BDB70B30-CB6D-4D6C-81B7-DE1C64F26087}.Release|x64.ActiveCfg = Release|x64
		{BDB70B30-CB6D-4D6C-81B7-DE1C64F26087}.Release|x64.Build.0 = Release|x64
		{250BE990-FF06-4681-9E65-B01C8FA8FA13}.Debug|Any CPU.ActiveCfg = Debug|Any CPU
		{250BE990-FF06-4681-9E65-B01C8FA8FA13}.Debug|Any CPU.Build.0 = Debug|Any CPU
		{250BE990-FF06-4681-9E65-B01C8FA8FA13}.Debug|ARM32.ActiveCfg = Debug|Any CPU
		{250BE990-FF06-4681-9E65-B01C8FA8FA13}.Debug|ARM32.Build.0 = Debug|Any CPU
		{250BE990-FF06-4681-9E65-B01C8FA8FA13}.Debug|x64.ActiveCfg = Debug|x64
		{250BE990-FF06-4681-9E65-B01C8FA8FA13}.Debug|x64.Build.0 = Debug|x64
		{250BE990-FF06-4681-9E65-B01C8FA8FA13}.Release|Any CPU.ActiveCfg = Release|Any CPU
		{250BE990-FF06-4681-9E65-B01C8FA8FA13}.Release|Any CPU.Build.0 = Release|Any CPU
		{250BE990-FF06-4681-9E65-B01C8FA8FA13}.Release|ARM32.ActiveCfg = Release|Any CPU
		{250BE990-FF06-4681-9E65-B01C8FA8FA13}.Release|ARM32.Build.0 = Release|Any CPU
		{250BE990-FF06-4681-9E65-B01C8FA8FA13}.Release|x64.ActiveCfg = Release|x64
		{250BE990-FF06-4681-9E65-B01C8FA8FA13}.Release|x64.Build.0 = Release|x64
		{7B15A5B3-07A2-42CF-83E8-49A95CE33F43}.Debug|Any CPU.ActiveCfg = Debug|Any CPU
		{7B15A5B3-07A2-42CF-83E8-49A95CE33F43}.Debug|Any CPU.Build.0 = Debug|Any CPU
		{7B15A5B3-07A2-42CF-83E8-49A95CE33F43}.Debug|ARM32.ActiveCfg = Debug|Any CPU
		{7B15A5B3-07A2-42CF-83E8-49A95CE33F43}.Debug|ARM32.Build.0 = Debug|Any CPU
		{7B15A5B3-07A2-42CF-83E8-49A95CE33F43}.Debug|x64.ActiveCfg = Debug|x64
		{7B15A5B3-07A2-42CF-83E8-49A95CE33F43}.Debug|x64.Build.0 = Debug|x64
		{7B15A5B3-07A2-42CF-83E8-49A95CE33F43}.Release|Any CPU.ActiveCfg = Release|Any CPU
		{7B15A5B3-07A2-42CF-83E8-49A95CE33F43}.Release|Any CPU.Build.0 = Release|Any CPU
		{7B15A5B3-07A2-42CF-83E8-49A95CE33F43}.Release|ARM32.ActiveCfg = Release|Any CPU
		{7B15A5B3-07A2-42CF-83E8-49A95CE33F43}.Release|ARM32.Build.0 = Release|Any CPU
		{7B15A5B3-07A2-42CF-83E8-49A95CE33F43}.Release|x64.ActiveCfg = Release|x64
		{7B15A5B3-07A2-42CF-83E8-49A95CE33F43}.Release|x64.Build.0 = Release|x64
		{DE2ECC2C-518A-4A0F-A2E2-18CC147DF7C4}.Debug|Any CPU.ActiveCfg = Debug|Any CPU
		{DE2ECC2C-518A-4A0F-A2E2-18CC147DF7C4}.Debug|Any CPU.Build.0 = Debug|Any CPU
		{DE2ECC2C-518A-4A0F-A2E2-18CC147DF7C4}.Debug|ARM32.ActiveCfg = Debug|Any CPU
		{DE2ECC2C-518A-4A0F-A2E2-18CC147DF7C4}.Debug|ARM32.Build.0 = Debug|Any CPU
		{DE2ECC2C-518A-4A0F-A2E2-18CC147DF7C4}.Debug|x64.ActiveCfg = Debug|x64
		{DE2ECC2C-518A-4A0F-A2E2-18CC147DF7C4}.Debug|x64.Build.0 = Debug|x64
		{DE2ECC2C-518A-4A0F-A2E2-18CC147DF7C4}.Release|Any CPU.ActiveCfg = Release|Any CPU
		{DE2ECC2C-518A-4A0F-A2E2-18CC147DF7C4}.Release|Any CPU.Build.0 = Release|Any CPU
		{DE2ECC2C-518A-4A0F-A2E2-18CC147DF7C4}.Release|ARM32.ActiveCfg = Release|Any CPU
		{DE2ECC2C-518A-4A0F-A2E2-18CC147DF7C4}.Release|ARM32.Build.0 = Release|Any CPU
		{DE2ECC2C-518A-4A0F-A2E2-18CC147DF7C4}.Release|x64.ActiveCfg = Release|x64
		{DE2ECC2C-518A-4A0F-A2E2-18CC147DF7C4}.Release|x64.Build.0 = Release|x64
		{5E66BEB4-0014-4BBC-B559-F06BA72A0CAC}.Debug|Any CPU.ActiveCfg = Debug|Any CPU
		{5E66BEB4-0014-4BBC-B559-F06BA72A0CAC}.Debug|Any CPU.Build.0 = Debug|Any CPU
		{5E66BEB4-0014-4BBC-B559-F06BA72A0CAC}.Debug|ARM32.ActiveCfg = Debug|Any CPU
		{5E66BEB4-0014-4BBC-B559-F06BA72A0CAC}.Debug|ARM32.Build.0 = Debug|Any CPU
		{5E66BEB4-0014-4BBC-B559-F06BA72A0CAC}.Debug|x64.ActiveCfg = Debug|x64
		{5E66BEB4-0014-4BBC-B559-F06BA72A0CAC}.Debug|x64.Build.0 = Debug|x64
		{5E66BEB4-0014-4BBC-B559-F06BA72A0CAC}.Release|Any CPU.ActiveCfg = Release|Any CPU
		{5E66BEB4-0014-4BBC-B559-F06BA72A0CAC}.Release|Any CPU.Build.0 = Release|Any CPU
		{5E66BEB4-0014-4BBC-B559-F06BA72A0CAC}.Release|ARM32.ActiveCfg = Release|Any CPU
		{5E66BEB4-0014-4BBC-B559-F06BA72A0CAC}.Release|ARM32.Build.0 = Release|Any CPU
		{5E66BEB4-0014-4BBC-B559-F06BA72A0CAC}.Release|x64.ActiveCfg = Release|x64
		{5E66BEB4-0014-4BBC-B559-F06BA72A0CAC}.Release|x64.Build.0 = Release|x64
		{9C9FB747-5454-4786-827C-DA2DD48CC1E6}.Debug|Any CPU.ActiveCfg = Debug|Any CPU
		{9C9FB747-5454-4786-827C-DA2DD48CC1E6}.Debug|Any CPU.Build.0 = Debug|Any CPU
		{9C9FB747-5454-4786-827C-DA2DD48CC1E6}.Debug|ARM32.ActiveCfg = Debug|Any CPU
		{9C9FB747-5454-4786-827C-DA2DD48CC1E6}.Debug|ARM32.Build.0 = Debug|Any CPU
		{9C9FB747-5454-4786-827C-DA2DD48CC1E6}.Debug|x64.ActiveCfg = Debug|x64
		{9C9FB747-5454-4786-827C-DA2DD48CC1E6}.Debug|x64.Build.0 = Debug|x64
		{9C9FB747-5454-4786-827C-DA2DD48CC1E6}.Release|Any CPU.ActiveCfg = Release|Any CPU
		{9C9FB747-5454-4786-827C-DA2DD48CC1E6}.Release|Any CPU.Build.0 = Release|Any CPU
		{9C9FB747-5454-4786-827C-DA2DD48CC1E6}.Release|ARM32.ActiveCfg = Release|Any CPU
		{9C9FB747-5454-4786-827C-DA2DD48CC1E6}.Release|ARM32.Build.0 = Release|Any CPU
		{9C9FB747-5454-4786-827C-DA2DD48CC1E6}.Release|x64.ActiveCfg = Release|x64
		{9C9FB747-5454-4786-827C-DA2DD48CC1E6}.Release|x64.Build.0 = Release|x64
		{C4B54023-1913-46F2-8E23-9A3ACD4D6046}.Debug|Any CPU.ActiveCfg = Debug|Any CPU
		{C4B54023-1913-46F2-8E23-9A3ACD4D6046}.Debug|Any CPU.Build.0 = Debug|Any CPU
		{C4B54023-1913-46F2-8E23-9A3ACD4D6046}.Debug|ARM32.ActiveCfg = Debug|Any CPU
		{C4B54023-1913-46F2-8E23-9A3ACD4D6046}.Debug|ARM32.Build.0 = Debug|Any CPU
		{C4B54023-1913-46F2-8E23-9A3ACD4D6046}.Debug|x64.ActiveCfg = Debug|x64
		{C4B54023-1913-46F2-8E23-9A3ACD4D6046}.Debug|x64.Build.0 = Debug|x64
		{C4B54023-1913-46F2-8E23-9A3ACD4D6046}.Release|Any CPU.ActiveCfg = Release|Any CPU
		{C4B54023-1913-46F2-8E23-9A3ACD4D6046}.Release|Any CPU.Build.0 = Release|Any CPU
		{C4B54023-1913-46F2-8E23-9A3ACD4D6046}.Release|ARM32.ActiveCfg = Release|Any CPU
		{C4B54023-1913-46F2-8E23-9A3ACD4D6046}.Release|ARM32.Build.0 = Release|Any CPU
		{C4B54023-1913-46F2-8E23-9A3ACD4D6046}.Release|x64.ActiveCfg = Release|x64
		{C4B54023-1913-46F2-8E23-9A3ACD4D6046}.Release|x64.Build.0 = Release|x64
		{F6AEFD01-87E8-4D29-B07C-70490D993F6E}.Debug|Any CPU.ActiveCfg = Debug|Any CPU
		{F6AEFD01-87E8-4D29-B07C-70490D993F6E}.Debug|Any CPU.Build.0 = Debug|Any CPU
		{F6AEFD01-87E8-4D29-B07C-70490D993F6E}.Debug|ARM32.ActiveCfg = Debug|Any CPU
		{F6AEFD01-87E8-4D29-B07C-70490D993F6E}.Debug|ARM32.Build.0 = Debug|Any CPU
		{F6AEFD01-87E8-4D29-B07C-70490D993F6E}.Debug|x64.ActiveCfg = Debug|x64
		{F6AEFD01-87E8-4D29-B07C-70490D993F6E}.Debug|x64.Build.0 = Debug|x64
		{F6AEFD01-87E8-4D29-B07C-70490D993F6E}.Release|Any CPU.ActiveCfg = Release|Any CPU
		{F6AEFD01-87E8-4D29-B07C-70490D993F6E}.Release|Any CPU.Build.0 = Release|Any CPU
		{F6AEFD01-87E8-4D29-B07C-70490D993F6E}.Release|ARM32.ActiveCfg = Release|Any CPU
		{F6AEFD01-87E8-4D29-B07C-70490D993F6E}.Release|ARM32.Build.0 = Release|Any CPU
		{F6AEFD01-87E8-4D29-B07C-70490D993F6E}.Release|x64.ActiveCfg = Release|x64
		{F6AEFD01-87E8-4D29-B07C-70490D993F6E}.Release|x64.Build.0 = Release|x64
		{28FAF6DE-2150-4BF8-B889-0FD4BE1EFC68}.Debug|Any CPU.ActiveCfg = Debug|Any CPU
		{28FAF6DE-2150-4BF8-B889-0FD4BE1EFC68}.Debug|Any CPU.Build.0 = Debug|Any CPU
		{28FAF6DE-2150-4BF8-B889-0FD4BE1EFC68}.Debug|ARM32.ActiveCfg = Debug|Any CPU
		{28FAF6DE-2150-4BF8-B889-0FD4BE1EFC68}.Debug|ARM32.Build.0 = Debug|Any CPU
		{28FAF6DE-2150-4BF8-B889-0FD4BE1EFC68}.Debug|x64.ActiveCfg = Debug|x64
		{28FAF6DE-2150-4BF8-B889-0FD4BE1EFC68}.Debug|x64.Build.0 = Debug|x64
		{28FAF6DE-2150-4BF8-B889-0FD4BE1EFC68}.Release|Any CPU.ActiveCfg = Release|Any CPU
		{28FAF6DE-2150-4BF8-B889-0FD4BE1EFC68}.Release|Any CPU.Build.0 = Release|Any CPU
		{28FAF6DE-2150-4BF8-B889-0FD4BE1EFC68}.Release|ARM32.ActiveCfg = Release|Any CPU
		{28FAF6DE-2150-4BF8-B889-0FD4BE1EFC68}.Release|ARM32.Build.0 = Release|Any CPU
		{28FAF6DE-2150-4BF8-B889-0FD4BE1EFC68}.Release|x64.ActiveCfg = Release|x64
		{28FAF6DE-2150-4BF8-B889-0FD4BE1EFC68}.Release|x64.Build.0 = Release|x64
		{FA37B899-1B75-48DE-B552-EB1248A963C7}.Debug|Any CPU.ActiveCfg = Debug|Any CPU
		{FA37B899-1B75-48DE-B552-EB1248A963C7}.Debug|Any CPU.Build.0 = Debug|Any CPU
		{FA37B899-1B75-48DE-B552-EB1248A963C7}.Debug|ARM32.ActiveCfg = Debug|Any CPU
		{FA37B899-1B75-48DE-B552-EB1248A963C7}.Debug|ARM32.Build.0 = Debug|Any CPU
		{FA37B899-1B75-48DE-B552-EB1248A963C7}.Debug|x64.ActiveCfg = Debug|x64
		{FA37B899-1B75-48DE-B552-EB1248A963C7}.Debug|x64.Build.0 = Debug|x64
		{FA37B899-1B75-48DE-B552-EB1248A963C7}.Release|Any CPU.ActiveCfg = Release|Any CPU
		{FA37B899-1B75-48DE-B552-EB1248A963C7}.Release|Any CPU.Build.0 = Release|Any CPU
		{FA37B899-1B75-48DE-B552-EB1248A963C7}.Release|ARM32.ActiveCfg = Release|Any CPU
		{FA37B899-1B75-48DE-B552-EB1248A963C7}.Release|ARM32.Build.0 = Release|Any CPU
		{FA37B899-1B75-48DE-B552-EB1248A963C7}.Release|x64.ActiveCfg = Release|x64
		{FA37B899-1B75-48DE-B552-EB1248A963C7}.Release|x64.Build.0 = Release|x64
	EndGlobalSection
	GlobalSection(SolutionProperties) = preSolution
		HideSolutionNode = FALSE
	EndGlobalSection
	GlobalSection(ExtensibilityGlobals) = postSolution
		SolutionGuid = {3AB41580-6B90-401E-9070-EA0B92D2699A}
	EndGlobalSection
EndGlobal
